
Microsoft Visual Studio Solution File, Format Version 12.00
# Visual Studio Version 17
VisualStudioVersion = 17.10.34928.147
MinimumVisualStudioVersion = 10.0.40219.1
Project("{FAE04EC0-301F-11D3-BF4B-00C04F79EFBC}") = "CSharp_Console_Game", "CSharp_Console_Game\CSharp_Console_Game.csproj", "{19372449-76E1-4E16-A50A-B292CC7ABE7F}"
EndProject
Global
	GlobalSection(SolutionConfigurationPlatforms) = preSolution
		Debug|Any CPU = Debug|Any CPU
		Release|Any CPU = Release|Any CPU
	EndGlobalSection
	GlobalSection(ProjectConfigurationPlatforms) = postSolution
		{19372449-76E1-4E16-A50A-B292CC7ABE7F}.Debug|Any CPU.ActiveCfg = Debug|Any CPU
		{19372449-76E1-4E16-A50A-B292CC7ABE7F}.Debug|Any CPU.Build.0 = Debug|Any CPU
		{19372449-76E1-4E16-A50A-B292CC7ABE7F}.Release|Any CPU.ActiveCfg = Release|Any CPU
		{19372449-76E1-4E16-A50A-B292CC7ABE7F}.Release|Any CPU.Build.0 = Release|Any CPU
	EndGlobalSection
	GlobalSection(SolutionProperties) = preSolution
		HideSolutionNode = FALSE
	EndGlobalSection
	GlobalSection(ExtensibilityGlobals) = postSolution
		SolutionGuid = {BF27B1F0-2E33-41B0-9390-5B28677C7D2C}
	EndGlobalSection
EndGlobal
